<?xml version="1.0" encoding="UTF-8" standalone="yes" ?>
<CodeBlocks_project_file>
	<FileVersion major="1" minor="6" />
	<Project>
		<Option title="FightingFantasy" />
		<Option pch_mode="2" />
		<Option compiler="gcc" />
		<Build>
			<Target title="Debug">
				<Option output="bin/Debug/FightingFantasy" prefix_auto="1" extension_auto="1" />
				<Option object_output="obj/Debug/" />
				<Option type="1" />
				<Option compiler="gcc" />
				<Compiler>
					<Add option="-g" />
					<Add directory="include/Interfaces" />
					<Add directory="include/Commands" />
					<Add directory="include/Views" />
				</Compiler>
			</Target>
			<Target title="Release">
				<Option output="bin/Release/FightingFantasy" prefix_auto="1" extension_auto="1" />
				<Option object_output="obj/Release/" />
				<Option type="1" />
				<Option compiler="gcc" />
				<Compiler>
					<Add option="-O2" />
					<Add directory="include/Interfaces" />
					<Add directory="include/Commands" />
					<Add directory="include/Views" />
				</Compiler>
				<Linker>
					<Add option="-s" />
				</Linker>
			</Target>
		</Build>
		<Compiler>
			<Add option="-Wall" />
			<Add option="-fexceptions" />
		</Compiler>
		<Unit filename="include/Application.h" />
		<Unit filename="include/Commands/ChangeView.h" />
		<Unit filename="include/Commands/Sair.h" />
		<Unit filename="include/Controllers/BaseController.h" />
		<Unit filename="include/Interfaces/ICommand.h" />
		<Unit filename="include/Interfaces/IRunner.h" />
		<Unit filename="include/Interfaces/ISerializavel.h" />
		<Unit filename="include/Interfaces/IViewRouter.h" />
		<Unit filename="include/Models/BaseModel.h" />
		<Unit filename="include/Models/SavedGamesModel.h" />
		<Unit filename="include/Views/BaseView.h" />
		<Unit filename="include/Views/CreditosView.h" />
		<Unit filename="include/Views/MenuView.h" />
		<Unit filename="include/Views/SavedGamesView.h" />
		<Unit filename="main.cpp" />
		<Unit filename="src/Application.cpp" />
		<Unit filename="src/Commands/ChangeView.cpp" />
		<Unit filename="src/Commands/Sair.cpp" />
		<Unit filename="src/Controllers/BaseController.cpp" />
		<Unit filename="src/Models/BaseModel.cpp" />
		<Unit filename="src/Models/SavedGamesModel.cpp" />
		<Unit filename="src/Views/BaseView.cpp" />
		<Unit filename="src/Views/CreditosView.cpp" />
		<Unit filename="src/Views/MenuView.cpp" />
		<Unit filename="src/Views/SavedGamesView.cpp" />
		<Extensions>
			<lib_finder disable_auto="1" />
		</Extensions>
	</Project>
</CodeBlocks_project_file>
