<?xml version="1.0" encoding="UTF-8" standalone="yes" ?>
<CodeBlocks_project_file>
	<FileVersion major="1" minor="6" />
	<Project>
		<Option title="FightingFantasy" />
		<Option pch_mode="2" />
		<Option compiler="gcc" />
		<Build>
			<Target title="Debug">
				<Option output="bin/Debug/FightingFantasy" prefix_auto="1" extension_auto="1" />
				<Option object_output="obj/Debug/" />
				<Option type="1" />
				<Option compiler="gcc" />
				<Compiler>
					<Add option="-g" />
					<Add directory="include/Interfaces" />
					<Add directory="include/Commands" />
					<Add directory="include/Views" />
					<Add directory="include/Commands/" />
					<Add directory="include/Views/" />
					<Add directory="include/Controllers" />
					<Add directory="include/Models" />
					<Add directory="include/Command" />
				</Compiler>
			</Target>
			<Target title="Release">
				<Option output="bin/Release/FightingFantasy" prefix_auto="1" extension_auto="1" />
				<Option object_output="obj/Release/" />
				<Option type="1" />
				<Option compiler="gcc" />
				<Compiler>
					<Add option="-O2" />
					<Add directory="include/Interfaces" />
					<Add directory="include/Commands" />
					<Add directory="include/Views" />
					<Add directory="include/Commands/" />
					<Add directory="include/Views/" />
					<Add directory="include/Controllers" />
					<Add directory="include/Models" />
					<Add directory="include/Command" />
				</Compiler>
				<Linker>
					<Add option="-s" />
				</Linker>
			</Target>
		</Build>
		<Compiler>
			<Add option="-Wall" />
			<Add option="-fexceptions" />
		</Compiler>
		<Unit filename="include/Application.h" />
		<Unit filename="include/Commands/CarregarSave.h" />
		<Unit filename="include/Commands/ChangeCena.h" />
		<Unit filename="include/Commands/ChangeView.h" />
		<Unit filename="include/Commands/HelloCommand.h" />
		<Unit filename="include/Commands/MultiCommand.h" />
		<Unit filename="include/Commands/Sair.h" />
		<Unit filename="include/Commands/SalvarCommand.h" />
		<Unit filename="include/Controllers/BaseController.h" />
		<Unit filename="include/Controllers/CenaController.h" />
		<Unit filename="include/Controllers/InventarioController.h" />
		<Unit filename="include/Controllers/NewGameController.h" />
		<Unit filename="include/Controllers/SaveController.h" />
		<Unit filename="include/Interfaces/ICenaRouter.h" />
		<Unit filename="include/Interfaces/ICommand.h" />
		<Unit filename="include/Interfaces/IRunner.h" />
		<Unit filename="include/Interfaces/ISalvavel.h" />
		<Unit filename="include/Interfaces/ISerializavel.h" />
		<Unit filename="include/Interfaces/IViewRouter.h" />
		<Unit filename="include/Models/BaseModel.h" />
		<Unit filename="include/Models/CenaModel.h" />
		<Unit filename="include/Models/CenaViewModel.h" />
		<Unit filename="include/Models/ItemModel.h" />
		<Unit filename="include/Models/MonstroModel.h" />
		<Unit filename="include/Models/NewGameViewModel.h" />
		<Unit filename="include/Models/PersonagemModel.h" />
		<Unit filename="include/Models/SaveModel.h" />
		<Unit filename="include/Models/SavedGamesModel.h" />
		<Unit filename="include/Models/ViewOption.h" />
		<Unit filename="include/Views/BaseView.h" />
		<Unit filename="include/Views/CenaView.h" />
		<Unit filename="include/Views/CreditosView.h" />
		<Unit filename="include/Views/InventarioView.h" />
		<Unit filename="include/Views/MenuView.h" />
		<Unit filename="include/Views/NewGameView.h" />
		<Unit filename="include/Views/SavedGamesView.h" />
		<Unit filename="main.cpp" />
		<Unit filename="src/Application.cpp" />
		<Unit filename="src/Commands/CarregarSave.cpp" />
		<Unit filename="src/Commands/ChangeCena.cpp" />
		<Unit filename="src/Commands/ChangeView.cpp" />
		<Unit filename="src/Commands/HelloCommand.cpp" />
		<Unit filename="src/Commands/MultiCommand.cpp" />
		<Unit filename="src/Commands/Sair.cpp" />
		<Unit filename="src/Commands/SalvarCommand.cpp" />
		<Unit filename="src/Controllers/BaseController.cpp" />
		<Unit filename="src/Controllers/CenaController.cpp" />
		<Unit filename="src/Controllers/InventarioController.cpp" />
		<Unit filename="src/Controllers/NewGameController.cpp" />
		<Unit filename="src/Controllers/SaveController.cpp" />
		<Unit filename="src/Models/BaseModel.cpp" />
		<Unit filename="src/Models/CenaModel.cpp" />
		<Unit filename="src/Models/CenaViewModel.cpp" />
		<Unit filename="src/Models/ItemModel.cpp" />
		<Unit filename="src/Models/MonstroModel.cpp" />
		<Unit filename="src/Models/NewGameViewModel.cpp" />
		<Unit filename="src/Models/PersonagemModel.cpp" />
		<Unit filename="src/Models/SaveModel.cpp" />
		<Unit filename="src/Models/SavedGamesModel.cpp" />
		<Unit filename="src/Models/ViewOption.cpp" />
		<Unit filename="src/Views/BaseView.cpp" />
		<Unit filename="src/Views/CenaView.cpp" />
		<Unit filename="src/Views/CreditosView.cpp" />
		<Unit filename="src/Views/InventarioView.cpp" />
		<Unit filename="src/Views/MenuView.cpp" />
		<Unit filename="src/Views/NewGameView.cpp" />
		<Unit filename="src/Views/SavedGamesView.cpp" />
		<Extensions>
			<lib_finder disable_auto="1" />
		</Extensions>
	</Project>
</CodeBlocks_project_file>
